
Microsoft Visual Studio Solution File, Format Version 12.00
# Visual Studio Version 17
VisualStudioVersion = 17.11.35312.102
MinimumVisualStudioVersion = 10.0.40219.1
Project("{FAE04EC0-301F-11D3-BF4B-00C04F79EFBC}") = "ybwork.Analyzer.Universal", "ybwork.Analyzer.Universal\ybwork.Analyzer.Universal\ybwork.Analyzer.Universal.csproj", "{A440E647-453E-4E37-9929-305DD621B2A8}"
EndProject
Project("{FAE04EC0-301F-11D3-BF4B-00C04F79EFBC}") = "ybwork.Analyzer.Universal.CodeFixes", "ybwork.Analyzer.Universal\ybwork.Analyzer.Universal.CodeFixes\ybwork.Analyzer.Universal.CodeFixes.csproj", "{23278A67-FEFB-4455-9CFD-CC39CAC5366C}"
EndProject
Global
	GlobalSection(SolutionConfigurationPlatforms) = preSolution
		Debug|Any CPU = Debug|Any CPU
		Release|Any CPU = Release|Any CPU
	EndGlobalSection
	GlobalSection(ProjectConfigurationPlatforms) = postSolution
		{A440E647-453E-4E37-9929-305DD621B2A8}.Debug|Any CPU.ActiveCfg = Debug|Any CPU
		{A440E647-453E-4E37-9929-305DD621B2A8}.Debug|Any CPU.Build.0 = Debug|Any CPU
		{A440E647-453E-4E37-9929-305DD621B2A8}.Release|Any CPU.ActiveCfg = Release|Any CPU
		{A440E647-453E-4E37-9929-305DD621B2A8}.Release|Any CPU.Build.0 = Release|Any CPU
		{23278A67-FEFB-4455-9CFD-CC39CAC5366C}.Debug|Any CPU.ActiveCfg = Debug|Any CPU
		{23278A67-FEFB-4455-9CFD-CC39CAC5366C}.Debug|Any CPU.Build.0 = Debug|Any CPU
		{23278A67-FEFB-4455-9CFD-CC39CAC5366C}.Release|Any CPU.ActiveCfg = Release|Any CPU
		{23278A67-FEFB-4455-9CFD-CC39CAC5366C}.Release|Any CPU.Build.0 = Release|Any CPU
	EndGlobalSection
	GlobalSection(SolutionProperties) = preSolution
		HideSolutionNode = FALSE
	EndGlobalSection
	GlobalSection(ExtensibilityGlobals) = postSolution
		SolutionGuid = {6CF9D62C-EF5B-451A-B760-C101D899A9C6}
	EndGlobalSection
EndGlobal
